
Microsoft Visual Studio Solution File, Format Version 12.00
# Visual Studio Version 16
VisualStudioVersion = 16.0.29209.62
MinimumVisualStudioVersion = 10.0.40219.1
Project("{FAE04EC0-301F-11D3-BF4B-00C04F79EFBC}") = "Cyberpunk2020CC", "Cyberpunk2020CC\Cyberpunk2020CC.csproj", "{1CFDC4FC-4144-479F-B42C-0B3545924605}"
EndProject
Global
	GlobalSection(SolutionConfigurationPlatforms) = preSolution
		Debug|Any CPU = Debug|Any CPU
		Release|Any CPU = Release|Any CPU
	EndGlobalSection
	GlobalSection(ProjectConfigurationPlatforms) = postSolution
		{1CFDC4FC-4144-479F-B42C-0B3545924605}.Debug|Any CPU.ActiveCfg = Debug|Any CPU
		{1CFDC4FC-4144-479F-B42C-0B3545924605}.Debug|Any CPU.Build.0 = Debug|Any CPU
		{1CFDC4FC-4144-479F-B42C-0B3545924605}.Release|Any CPU.ActiveCfg = Release|Any CPU
		{1CFDC4FC-4144-479F-B42C-0B3545924605}.Release|Any CPU.Build.0 = Release|Any CPU
	EndGlobalSection
	GlobalSection(SolutionProperties) = preSolution
		HideSolutionNode = FALSE
	EndGlobalSection
	GlobalSection(ExtensibilityGlobals) = postSolution
		SolutionGuid = {3867A675-6DAB-460A-8CFA-CBCABED9330F}
	EndGlobalSection
EndGlobal
