
Microsoft Visual Studio Solution File, Format Version 12.00
# Visual Studio Version 16
VisualStudioVersion = 16.0.29209.62
MinimumVisualStudioVersion = 10.0.40219.1
Project("{9A19103F-16F7-4668-BE54-9A1E7A4F7556}") = "NetCore3Cyberpunk", "NetCore3Cyberpunk\NetCore3Cyberpunk.csproj", "{23B4AB85-ED75-41DD-8477-318DD22714B4}"
EndProject
Global
	GlobalSection(SolutionConfigurationPlatforms) = preSolution
		Debug|Any CPU = Debug|Any CPU
		Release|Any CPU = Release|Any CPU
	EndGlobalSection
	GlobalSection(ProjectConfigurationPlatforms) = postSolution
		{23B4AB85-ED75-41DD-8477-318DD22714B4}.Debug|Any CPU.ActiveCfg = Debug|Any CPU
		{23B4AB85-ED75-41DD-8477-318DD22714B4}.Debug|Any CPU.Build.0 = Debug|Any CPU
		{23B4AB85-ED75-41DD-8477-318DD22714B4}.Release|Any CPU.ActiveCfg = Release|Any CPU
		{23B4AB85-ED75-41DD-8477-318DD22714B4}.Release|Any CPU.Build.0 = Release|Any CPU
	EndGlobalSection
	GlobalSection(SolutionProperties) = preSolution
		HideSolutionNode = FALSE
	EndGlobalSection
	GlobalSection(ExtensibilityGlobals) = postSolution
		SolutionGuid = {3867A675-6DAB-460A-8CFA-CBCABED9330F}
	EndGlobalSection
EndGlobal
